<?xml version="1.0" encoding="UTF-8" standalone="yes" ?>
<CodeBlocks_project_file>
	<FileVersion major="1" minor="6" />
	<Project>
		<Option title="khedgba" />
		<Option pch_mode="2" />
		<Option compiler="gcc" />
		<Build>
			<Target title="Debug">
				<Option output="bin/Debug/khedgba" prefix_auto="1" extension_auto="1" />
				<Option object_output="obj/Debug/" />
				<Option type="1" />
				<Option compiler="gcc" />
				<Compiler>
					<Add option="-std=c++17" />
					<Add option="-g" />
				</Compiler>
			</Target>
			<Target title="Release">
				<Option output="bin/Release/khedgba" prefix_auto="1" extension_auto="1" />
				<Option object_output="obj/Release/" />
				<Option type="1" />
				<Option compiler="gcc" />
				<Compiler>
					<Add option="-O2" />
					<Add option="-std=c++17" />
				</Compiler>
				<Linker>
					<Add option="-s" />
				</Linker>
			</Target>
		</Build>
		<Compiler>
			<Add option="-Wall" />
		</Compiler>
		<Unit filename="Arm7tdmi.cpp" />
		<Unit filename="Arm7tdmi.h" />
		<Unit filename="Gba.cpp" />
		<Unit filename="Gba.h" />
		<Unit filename="Gba_memmap.cpp" />
		<Unit filename="Gba_memmap.h" />
		<Unit filename="Gba_rom.cpp" />
		<Unit filename="Gba_rom.h" />
		<Unit filename="arm-defs.cpp" />
		<Unit filename="arm-defs.h" />
		<Unit filename="gba_types.h" />
		<Unit filename="main.cpp" />
		<Unit filename="util.cpp" />
		<Unit filename="util.h" />
		<Extensions>
			<envvars />
			<code_completion />
			<lib_finder disable_auto="1" />
			<debugger />
		</Extensions>
	</Project>
</CodeBlocks_project_file>
